
Microsoft Visual Studio Solution File, Format Version 12.00
# Visual Studio Version 17
VisualStudioVersion = 17.0.31903.59
MinimumVisualStudioVersion = 10.0.40219.1
Project("{2150E333-8FDC-42A3-9474-1A3956D46DE8}") = "src", "src", "{827E0CD3-B72D-47B6-A68D-7590B98EB39B}"
EndProject
Project("{FAE04EC0-301F-11D3-BF4B-00C04F79EFBC}") = "HoYoShadeHub", "src\HoYoShadeHub\HoYoShadeHub.csproj", "{DF81A9C1-430E-47A9-AAED-7909A82B9B9B}"
EndProject
Project("{FAE04EC0-301F-11D3-BF4B-00C04F79EFBC}") = "HoYoShadeHub.Core", "src\HoYoShadeHub.Core\HoYoShadeHub.Core.csproj", "{E7BD0542-AE7C-47F3-B3FB-CA39B52B7A63}"
EndProject
Project("{FAE04EC0-301F-11D3-BF4B-00C04F79EFBC}") = "HoYoShadeHub.Language", "src\HoYoShadeHub.Language\HoYoShadeHub.Language.csproj", "{EA7B8649-3706-42DF-83D5-82B3B8A98469}"
EndProject
Project("{FAE04EC0-301F-11D3-BF4B-00C04F79EFBC}") = "HoYoShadeHub.RPC", "src\HoYoShadeHub.RPC\HoYoShadeHub.RPC.csproj", "{E41709A7-3449-4B0A-B4A8-510C4C7FB90E}"
EndProject
Project("{FAE04EC0-301F-11D3-BF4B-00C04F79EFBC}") = "BuildTool", "src\BuildTool\BuildTool.csproj", "{26F05CC0-1CF4-44BE-B1C0-E68C8EAC8A6B}"
EndProject
Project("{FAE04EC0-301F-11D3-BF4B-00C04F79EFBC}") = "HoYoShadeHub.Setup", "src\HoYoShadeHub.Setup\HoYoShadeHub.Setup.csproj", "{71A65516-72F4-45B2-BDE3-09035017F94B}"
EndProject
Project("{FAE04EC0-301F-11D3-BF4B-00C04F79EFBC}") = "HoYoShadeHub.Extensions", "src\HoYoShadeHub.Extensions\HoYoShadeHub.Extensions.csproj", "{E6E78FC7-018C-4E97-8538-F87FBEBF1336}"
EndProject
Project("{FAE04EC0-301F-11D3-BF4B-00C04F79EFBC}") = "HoYoShadeHub.Extensions.Tests", "src\HoYoShadeHub.Extensions.Tests\HoYoShadeHub.Extensions.Tests.csproj", "{2E132D8E-5696-4288-9705-63D03C58B1DC}"
EndProject
Global
	GlobalSection(SolutionConfigurationPlatforms) = preSolution
		Debug|Any CPU = Debug|Any CPU
		Debug|x64 = Debug|x64
		Debug|x86 = Debug|x86
		Release|Any CPU = Release|Any CPU
		Release|x64 = Release|x64
		Release|x86 = Release|x86
	EndGlobalSection
	GlobalSection(ProjectConfigurationPlatforms) = postSolution
		{DF81A9C1-430E-47A9-AAED-7909A82B9B9B}.Debug|Any CPU.ActiveCfg = Debug|x86
		{DF81A9C1-430E-47A9-AAED-7909A82B9B9B}.Debug|Any CPU.Build.0 = Debug|x86
		{DF81A9C1-430E-47A9-AAED-7909A82B9B9B}.Debug|x64.ActiveCfg = Debug|x64
		{DF81A9C1-430E-47A9-AAED-7909A82B9B9B}.Debug|x64.Build.0 = Debug|x64
		{DF81A9C1-430E-47A9-AAED-7909A82B9B9B}.Debug|x86.ActiveCfg = Debug|x86
		{DF81A9C1-430E-47A9-AAED-7909A82B9B9B}.Debug|x86.Build.0 = Debug|x86
		{DF81A9C1-430E-47A9-AAED-7909A82B9B9B}.Release|Any CPU.ActiveCfg = Release|x86
		{DF81A9C1-430E-47A9-AAED-7909A82B9B9B}.Release|Any CPU.Build.0 = Release|x86
		{DF81A9C1-430E-47A9-AAED-7909A82B9B9B}.Release|x64.ActiveCfg = Release|x64
		{DF81A9C1-430E-47A9-AAED-7909A82B9B9B}.Release|x64.Build.0 = Release|x64
		{DF81A9C1-430E-47A9-AAED-7909A82B9B9B}.Release|x86.ActiveCfg = Release|x86
		{DF81A9C1-430E-47A9-AAED-7909A82B9B9B}.Release|x86.Build.0 = Release|x86
		{E7BD0542-AE7C-47F3-B3FB-CA39B52B7A63}.Debug|Any CPU.ActiveCfg = Debug|Any CPU
		{E7BD0542-AE7C-47F3-B3FB-CA39B52B7A63}.Debug|Any CPU.Build.0 = Debug|Any CPU
		{E7BD0542-AE7C-47F3-B3FB-CA39B52B7A63}.Debug|x64.ActiveCfg = Debug|Any CPU
		{E7BD0542-AE7C-47F3-B3FB-CA39B52B7A63}.Debug|x64.Build.0 = Debug|Any CPU
		{E7BD0542-AE7C-47F3-B3FB-CA39B52B7A63}.Debug|x86.ActiveCfg = Debug|Any CPU
		{E7BD0542-AE7C-47F3-B3FB-CA39B52B7A63}.Debug|x86.Build.0 = Debug|Any CPU
		{E7BD0542-AE7C-47F3-B3FB-CA39B52B7A63}.Release|Any CPU.ActiveCfg = Release|Any CPU
		{E7BD0542-AE7C-47F3-B3FB-CA39B52B7A63}.Release|Any CPU.Build.0 = Release|Any CPU
		{E7BD0542-AE7C-47F3-B3FB-CA39B52B7A63}.Release|x64.ActiveCfg = Release|Any CPU
		{E7BD0542-AE7C-47F3-B3FB-CA39B52B7A63}.Release|x64.Build.0 = Release|Any CPU
		{E7BD0542-AE7C-47F3-B3FB-CA39B52B7A63}.Release|x86.ActiveCfg = Release|Any CPU
		{E7BD0542-AE7C-47F3-B3FB-CA39B52B7A63}.Release|x86.Build.0 = Release|Any CPU
		{EA7B8649-3706-42DF-83D5-82B3B8A98469}.Debug|Any CPU.ActiveCfg = Debug|Any CPU
		{EA7B8649-3706-42DF-83D5-82B3B8A98469}.Debug|Any CPU.Build.0 = Debug|Any CPU
		{EA7B8649-3706-42DF-83D5-82B3B8A98469}.Debug|x64.ActiveCfg = Debug|Any CPU
		{EA7B8649-3706-42DF-83D5-82B3B8A98469}.Debug|x64.Build.0 = Debug|Any CPU
		{EA7B8649-3706-42DF-83D5-82B3B8A98469}.Debug|x86.ActiveCfg = Debug|Any CPU
		{EA7B8649-3706-42DF-83D5-82B3B8A98469}.Debug|x86.Build.0 = Debug|Any CPU
		{EA7B8649-3706-42DF-83D5-82B3B8A98469}.Release|Any CPU.ActiveCfg = Release|Any CPU
		{EA7B8649-3706-42DF-83D5-82B3B8A98469}.Release|Any CPU.Build.0 = Release|Any CPU
		{EA7B8649-3706-42DF-83D5-82B3B8A98469}.Release|x64.ActiveCfg = Release|Any CPU
		{EA7B8649-3706-42DF-83D5-82B3B8A98469}.Release|x64.Build.0 = Release|Any CPU
		{EA7B8649-3706-42DF-83D5-82B3B8A98469}.Release|x86.ActiveCfg = Release|Any CPU
		{EA7B8649-3706-42DF-83D5-82B3B8A98469}.Release|x86.Build.0 = Release|Any CPU
		{E41709A7-3449-4B0A-B4A8-510C4C7FB90E}.Debug|Any CPU.ActiveCfg = Debug|Any CPU
		{E41709A7-3449-4B0A-B4A8-510C4C7FB90E}.Debug|Any CPU.Build.0 = Debug|Any CPU
		{E41709A7-3449-4B0A-B4A8-510C4C7FB90E}.Debug|x64.ActiveCfg = Debug|Any CPU
		{E41709A7-3449-4B0A-B4A8-510C4C7FB90E}.Debug|x64.Build.0 = Debug|Any CPU
		{E41709A7-3449-4B0A-B4A8-510C4C7FB90E}.Debug|x86.ActiveCfg = Debug|Any CPU
		{E41709A7-3449-4B0A-B4A8-510C4C7FB90E}.Debug|x86.Build.0 = Debug|Any CPU
		{E41709A7-3449-4B0A-B4A8-510C4C7FB90E}.Release|Any CPU.ActiveCfg = Release|Any CPU
		{E41709A7-3449-4B0A-B4A8-510C4C7FB90E}.Release|Any CPU.Build.0 = Release|Any CPU
		{E41709A7-3449-4B0A-B4A8-510C4C7FB90E}.Release|x64.ActiveCfg = Release|Any CPU
		{E41709A7-3449-4B0A-B4A8-510C4C7FB90E}.Release|x64.Build.0 = Release|Any CPU
		{E41709A7-3449-4B0A-B4A8-510C4C7FB90E}.Release|x86.ActiveCfg = Release|Any CPU
		{E41709A7-3449-4B0A-B4A8-510C4C7FB90E}.Release|x86.Build.0 = Release|Any CPU
		{26F05CC0-1CF4-44BE-B1C0-E68C8EAC8A6B}.Debug|Any CPU.ActiveCfg = Debug|Any CPU
		{26F05CC0-1CF4-44BE-B1C0-E68C8EAC8A6B}.Debug|Any CPU.Build.0 = Debug|Any CPU
		{26F05CC0-1CF4-44BE-B1C0-E68C8EAC8A6B}.Debug|x64.ActiveCfg = Debug|Any CPU
		{26F05CC0-1CF4-44BE-B1C0-E68C8EAC8A6B}.Debug|x64.Build.0 = Debug|Any CPU
		{26F05CC0-1CF4-44BE-B1C0-E68C8EAC8A6B}.Debug|x86.ActiveCfg = Debug|Any CPU
		{26F05CC0-1CF4-44BE-B1C0-E68C8EAC8A6B}.Debug|x86.Build.0 = Debug|Any CPU
		{26F05CC0-1CF4-44BE-B1C0-E68C8EAC8A6B}.Release|Any CPU.ActiveCfg = Release|Any CPU
		{26F05CC0-1CF4-44BE-B1C0-E68C8EAC8A6B}.Release|Any CPU.Build.0 = Release|Any CPU
		{26F05CC0-1CF4-44BE-B1C0-E68C8EAC8A6B}.Release|x64.ActiveCfg = Release|Any CPU
		{26F05CC0-1CF4-44BE-B1C0-E68C8EAC8A6B}.Release|x64.Build.0 = Release|Any CPU
		{26F05CC0-1CF4-44BE-B1C0-E68C8EAC8A6B}.Release|x86.ActiveCfg = Release|Any CPU
		{26F05CC0-1CF4-44BE-B1C0-E68C8EAC8A6B}.Release|x86.Build.0 = Release|Any CPU
		{71A65516-72F4-45B2-BDE3-09035017F94B}.Debug|Any CPU.ActiveCfg = Debug|Any CPU
		{71A65516-72F4-45B2-BDE3-09035017F94B}.Debug|Any CPU.Build.0 = Debug|Any CPU
		{71A65516-72F4-45B2-BDE3-09035017F94B}.Debug|x64.ActiveCfg = Debug|Any CPU
		{71A65516-72F4-45B2-BDE3-09035017F94B}.Debug|x64.Build.0 = Debug|Any CPU
		{71A65516-72F4-45B2-BDE3-09035017F94B}.Debug|x86.ActiveCfg = Debug|Any CPU
		{71A65516-72F4-45B2-BDE3-09035017F94B}.Debug|x86.Build.0 = Debug|Any CPU
		{71A65516-72F4-45B2-BDE3-09035017F94B}.Release|Any CPU.ActiveCfg = Release|Any CPU
		{71A65516-72F4-45B2-BDE3-09035017F94B}.Release|Any CPU.Build.0 = Release|Any CPU
		{71A65516-72F4-45B2-BDE3-09035017F94B}.Release|x64.ActiveCfg = Release|Any CPU
		{71A65516-72F4-45B2-BDE3-09035017F94B}.Release|x64.Build.0 = Release|Any CPU
		{71A65516-72F4-45B2-BDE3-09035017F94B}.Release|x86.ActiveCfg = Release|Any CPU
		{71A65516-72F4-45B2-BDE3-09035017F94B}.Release|x86.Build.0 = Release|Any CPU
		{E6E78FC7-018C-4E97-8538-F87FBEBF1336}.Debug|Any CPU.ActiveCfg = Debug|Any CPU
		{E6E78FC7-018C-4E97-8538-F87FBEBF1336}.Debug|Any CPU.Build.0 = Debug|Any CPU
		{E6E78FC7-018C-4E97-8538-F87FBEBF1336}.Debug|x64.ActiveCfg = Debug|Any CPU
		{E6E78FC7-018C-4E97-8538-F87FBEBF1336}.Debug|x64.Build.0 = Debug|Any CPU
		{E6E78FC7-018C-4E97-8538-F87FBEBF1336}.Debug|x86.ActiveCfg = Debug|Any CPU
		{E6E78FC7-018C-4E97-8538-F87FBEBF1336}.Debug|x86.Build.0 = Debug|Any CPU
		{E6E78FC7-018C-4E97-8538-F87FBEBF1336}.Release|Any CPU.ActiveCfg = Release|Any CPU
		{E6E78FC7-018C-4E97-8538-F87FBEBF1336}.Release|Any CPU.Build.0 = Release|Any CPU
		{E6E78FC7-018C-4E97-8538-F87FBEBF1336}.Release|x64.ActiveCfg = Release|Any CPU
		{E6E78FC7-018C-4E97-8538-F87FBEBF1336}.Release|x64.Build.0 = Release|Any CPU
		{E6E78FC7-018C-4E97-8538-F87FBEBF1336}.Release|x86.ActiveCfg = Release|Any CPU
		{E6E78FC7-018C-4E97-8538-F87FBEBF1336}.Release|x86.Build.0 = Release|Any CPU
		{2E132D8E-5696-4288-9705-63D03C58B1DC}.Debug|Any CPU.ActiveCfg = Debug|Any CPU
		{2E132D8E-5696-4288-9705-63D03C58B1DC}.Debug|Any CPU.Build.0 = Debug|Any CPU
		{2E132D8E-5696-4288-9705-63D03C58B1DC}.Debug|x64.ActiveCfg = Debug|Any CPU
		{2E132D8E-5696-4288-9705-63D03C58B1DC}.Debug|x64.Build.0 = Debug|Any CPU
		{2E132D8E-5696-4288-9705-63D03C58B1DC}.Debug|x86.ActiveCfg = Debug|Any CPU
		{2E132D8E-5696-4288-9705-63D03C58B1DC}.Debug|x86.Build.0 = Debug|Any CPU
		{2E132D8E-5696-4288-9705-63D03C58B1DC}.Release|Any CPU.ActiveCfg = Release|Any CPU
		{2E132D8E-5696-4288-9705-63D03C58B1DC}.Release|Any CPU.Build.0 = Release|Any CPU
		{2E132D8E-5696-4288-9705-63D03C58B1DC}.Release|x64.ActiveCfg = Release|Any CPU
		{2E132D8E-5696-4288-9705-63D03C58B1DC}.Release|x64.Build.0 = Release|Any CPU
		{2E132D8E-5696-4288-9705-63D03C58B1DC}.Release|x86.ActiveCfg = Release|Any CPU
		{2E132D8E-5696-4288-9705-63D03C58B1DC}.Release|x86.Build.0 = Release|Any CPU
	EndGlobalSection
	GlobalSection(SolutionProperties) = preSolution
		HideSolutionNode = FALSE
	EndGlobalSection
	GlobalSection(NestedProjects) = preSolution
		{DF81A9C1-430E-47A9-AAED-7909A82B9B9B} = {827E0CD3-B72D-47B6-A68D-7590B98EB39B}
		{E7BD0542-AE7C-47F3-B3FB-CA39B52B7A63} = {827E0CD3-B72D-47B6-A68D-7590B98EB39B}
		{EA7B8649-3706-42DF-83D5-82B3B8A98469} = {827E0CD3-B72D-47B6-A68D-7590B98EB39B}
		{E41709A7-3449-4B0A-B4A8-510C4C7FB90E} = {827E0CD3-B72D-47B6-A68D-7590B98EB39B}
		{26F05CC0-1CF4-44BE-B1C0-E68C8EAC8A6B} = {827E0CD3-B72D-47B6-A68D-7590B98EB39B}
		{71A65516-72F4-45B2-BDE3-09035017F94B} = {827E0CD3-B72D-47B6-A68D-7590B98EB39B}
		{E6E78FC7-018C-4E97-8538-F87FBEBF1336} = {827E0CD3-B72D-47B6-A68D-7590B98EB39B}
		{2E132D8E-5696-4288-9705-63D03C58B1DC} = {827E0CD3-B72D-47B6-A68D-7590B98EB39B}
	EndGlobalSection
EndGlobal
